
Microsoft Visual Studio Solution File, Format Version 12.00
# Visual Studio Version 17
VisualStudioVersion = 17.1.32407.343
MinimumVisualStudioVersion = 10.0.40219.1
Project("{FAE04EC0-301F-11D3-BF4B-00C04F79EFBC}") = "Business", "GameStoreProject\Business\Business.csproj", "{BC26D9D8-EC29-487A-85F3-3C3AC4CF5177}"
EndProject
Project("{FAE04EC0-301F-11D3-BF4B-00C04F79EFBC}") = "Core", "GameStoreProject\Core\Core.csproj", "{69FCF6EB-CC8B-4FEE-83B1-4C702C993339}"
EndProject
Project("{FAE04EC0-301F-11D3-BF4B-00C04F79EFBC}") = "DataAccess", "GameStoreProject\DataAccess\DataAccess.csproj", "{8E3C095E-B514-44A4-84FD-BFF801915324}"
EndProject
Project("{FAE04EC0-301F-11D3-BF4B-00C04F79EFBC}") = "Entities", "GameStoreProject\Entities\Entities.csproj", "{C4AC5144-C651-4794-80C0-FD78315256E2}"
EndProject
Project("{FAE04EC0-301F-11D3-BF4B-00C04F79EFBC}") = "WebAPI", "GameStoreProject\WebAPI\WebAPI.csproj", "{DC9691B9-F8D8-45F9-9EFB-DDB36C42CA73}"
EndProject
Global
	GlobalSection(SolutionConfigurationPlatforms) = preSolution
		Debug|Any CPU = Debug|Any CPU
		Release|Any CPU = Release|Any CPU
	EndGlobalSection
	GlobalSection(ProjectConfigurationPlatforms) = postSolution
		{BC26D9D8-EC29-487A-85F3-3C3AC4CF5177}.Debug|Any CPU.ActiveCfg = Debug|Any CPU
		{BC26D9D8-EC29-487A-85F3-3C3AC4CF5177}.Debug|Any CPU.Build.0 = Debug|Any CPU
		{BC26D9D8-EC29-487A-85F3-3C3AC4CF5177}.Release|Any CPU.ActiveCfg = Release|Any CPU
		{BC26D9D8-EC29-487A-85F3-3C3AC4CF5177}.Release|Any CPU.Build.0 = Release|Any CPU
		{69FCF6EB-CC8B-4FEE-83B1-4C702C993339}.Debug|Any CPU.ActiveCfg = Debug|Any CPU
		{69FCF6EB-CC8B-4FEE-83B1-4C702C993339}.Debug|Any CPU.Build.0 = Debug|Any CPU
		{69FCF6EB-CC8B-4FEE-83B1-4C702C993339}.Release|Any CPU.ActiveCfg = Release|Any CPU
		{69FCF6EB-CC8B-4FEE-83B1-4C702C993339}.Release|Any CPU.Build.0 = Release|Any CPU
		{8E3C095E-B514-44A4-84FD-BFF801915324}.Debug|Any CPU.ActiveCfg = Debug|Any CPU
		{8E3C095E-B514-44A4-84FD-BFF801915324}.Debug|Any CPU.Build.0 = Debug|Any CPU
		{8E3C095E-B514-44A4-84FD-BFF801915324}.Release|Any CPU.ActiveCfg = Release|Any CPU
		{8E3C095E-B514-44A4-84FD-BFF801915324}.Release|Any CPU.Build.0 = Release|Any CPU
		{C4AC5144-C651-4794-80C0-FD78315256E2}.Debug|Any CPU.ActiveCfg = Debug|Any CPU
		{C4AC5144-C651-4794-80C0-FD78315256E2}.Debug|Any CPU.Build.0 = Debug|Any CPU
		{C4AC5144-C651-4794-80C0-FD78315256E2}.Release|Any CPU.ActiveCfg = Release|Any CPU
		{C4AC5144-C651-4794-80C0-FD78315256E2}.Release|Any CPU.Build.0 = Release|Any CPU
		{DC9691B9-F8D8-45F9-9EFB-DDB36C42CA73}.Debug|Any CPU.ActiveCfg = Debug|Any CPU
		{DC9691B9-F8D8-45F9-9EFB-DDB36C42CA73}.Debug|Any CPU.Build.0 = Debug|Any CPU
		{DC9691B9-F8D8-45F9-9EFB-DDB36C42CA73}.Release|Any CPU.ActiveCfg = Release|Any CPU
		{DC9691B9-F8D8-45F9-9EFB-DDB36C42CA73}.Release|Any CPU.Build.0 = Release|Any CPU
	EndGlobalSection
	GlobalSection(SolutionProperties) = preSolution
		HideSolutionNode = FALSE
	EndGlobalSection
	GlobalSection(ExtensibilityGlobals) = postSolution
		SolutionGuid = {0E3BB3B5-66D4-476E-9934-30BCEA351284}
	EndGlobalSection
EndGlobal
